
Microsoft Visual Studio Solution File, Format Version 12.00
# Visual Studio Version 16
VisualStudioVersion = 16.0.31624.102
MinimumVisualStudioVersion = 10.0.40219.1
Project("{FAE04EC0-301F-11D3-BF4B-00C04F79EFBC}") = "SchleifenA1", "SchleifenA1\SchleifenA1.csproj", "{96E59575-288C-424B-A134-A23354555AFE}"
EndProject
Project("{FAE04EC0-301F-11D3-BF4B-00C04F79EFBC}") = "SchleifeAB2", "SchleifeAB2\SchleifeAB2.csproj", "{16D82DBA-7F66-467D-B3F6-556A8A98C748}"
EndProject
Project("{FAE04EC0-301F-11D3-BF4B-00C04F79EFBC}") = "SchleifeAB3", "SchleifeAB3\SchleifeAB3.csproj", "{001DF388-77E8-450D-AAE5-24503E25A807}"
EndProject
Project("{FAE04EC0-301F-11D3-BF4B-00C04F79EFBC}") = "SchleifeAB4", "SchleifeAB4\SchleifeAB4.csproj", "{F3B26906-776D-4A37-8E49-A9A85BAC379F}"
EndProject
Project("{FAE04EC0-301F-11D3-BF4B-00C04F79EFBC}") = "SchleifeAB5", "SchleifeAB5\SchleifeAB5.csproj", "{2752B64F-80AE-415A-91DC-CAB3251C937E}"
EndProject
Global
	GlobalSection(SolutionConfigurationPlatforms) = preSolution
		Debug|Any CPU = Debug|Any CPU
		Release|Any CPU = Release|Any CPU
	EndGlobalSection
	GlobalSection(ProjectConfigurationPlatforms) = postSolution
		{96E59575-288C-424B-A134-A23354555AFE}.Debug|Any CPU.ActiveCfg = Debug|Any CPU
		{96E59575-288C-424B-A134-A23354555AFE}.Debug|Any CPU.Build.0 = Debug|Any CPU
		{96E59575-288C-424B-A134-A23354555AFE}.Release|Any CPU.ActiveCfg = Release|Any CPU
		{96E59575-288C-424B-A134-A23354555AFE}.Release|Any CPU.Build.0 = Release|Any CPU
		{16D82DBA-7F66-467D-B3F6-556A8A98C748}.Debug|Any CPU.ActiveCfg = Debug|Any CPU
		{16D82DBA-7F66-467D-B3F6-556A8A98C748}.Debug|Any CPU.Build.0 = Debug|Any CPU
		{16D82DBA-7F66-467D-B3F6-556A8A98C748}.Release|Any CPU.ActiveCfg = Release|Any CPU
		{16D82DBA-7F66-467D-B3F6-556A8A98C748}.Release|Any CPU.Build.0 = Release|Any CPU
		{001DF388-77E8-450D-AAE5-24503E25A807}.Debug|Any CPU.ActiveCfg = Debug|Any CPU
		{001DF388-77E8-450D-AAE5-24503E25A807}.Debug|Any CPU.Build.0 = Debug|Any CPU
		{001DF388-77E8-450D-AAE5-24503E25A807}.Release|Any CPU.ActiveCfg = Release|Any CPU
		{001DF388-77E8-450D-AAE5-24503E25A807}.Release|Any CPU.Build.0 = Release|Any CPU
		{F3B26906-776D-4A37-8E49-A9A85BAC379F}.Debug|Any CPU.ActiveCfg = Debug|Any CPU
		{F3B26906-776D-4A37-8E49-A9A85BAC379F}.Debug|Any CPU.Build.0 = Debug|Any CPU
		{F3B26906-776D-4A37-8E49-A9A85BAC379F}.Release|Any CPU.ActiveCfg = Release|Any CPU
		{F3B26906-776D-4A37-8E49-A9A85BAC379F}.Release|Any CPU.Build.0 = Release|Any CPU
		{2752B64F-80AE-415A-91DC-CAB3251C937E}.Debug|Any CPU.ActiveCfg = Debug|Any CPU
		{2752B64F-80AE-415A-91DC-CAB3251C937E}.Debug|Any CPU.Build.0 = Debug|Any CPU
		{2752B64F-80AE-415A-91DC-CAB3251C937E}.Release|Any CPU.ActiveCfg = Release|Any CPU
		{2752B64F-80AE-415A-91DC-CAB3251C937E}.Release|Any CPU.Build.0 = Release|Any CPU
	EndGlobalSection
	GlobalSection(SolutionProperties) = preSolution
		HideSolutionNode = FALSE
	EndGlobalSection
	GlobalSection(ExtensibilityGlobals) = postSolution
		SolutionGuid = {A2A1120F-CFA7-4ACB-A765-85E98FC29225}
	EndGlobalSection
EndGlobal
